// !$*UTF8*$!
{
	archiveVersion = 1;
	classes = {
	};
	objectVersion = 46;
	objects = {

/* Begin PBXBuildFile section */
		EF5757A618ABFBA8000A854C /* Foundation.framework in Frameworks */ = {isa = PBXBuildFile; fileRef = EF5757A518ABFBA8000A854C /* Foundation.framework */; };
		EF5757A818ABFBA8000A854C /* CoreGraphics.framework in Frameworks */ = {isa = PBXBuildFile; fileRef = EF5757A718ABFBA8000A854C /* CoreGraphics.framework */; };
		EF5757AA18ABFBA8000A854C /* UIKit.framework in Frameworks */ = {isa = PBXBuildFile; fileRef = EF5757A918ABFBA8000A854C /* UIKit.framework */; };
		EF5757B018ABFBA8000A854C /* InfoPlist.strings in Resources */ = {isa = PBXBuildFile; fileRef = EF5757AE18ABFBA8000A854C /* InfoPlist.strings */; };
		EF5757B218ABFBA8000A854C /* main.m in Sources */ = {isa = PBXBuildFile; fileRef = EF5757B118ABFBA8000A854C /* main.m */; };
		EF5757B618ABFBA8000A854C /* HomepwnerAppDelegate.m in Sources */ = {isa = PBXBuildFile; fileRef = EF5757B518ABFBA8000A854C /* HomepwnerAppDelegate.m */; };
		EF5757B818ABFBA8000A854C /* Images.xcassets in Resources */ = {isa = PBXBuildFile; fileRef = EF5757B718ABFBA8000A854C /* Images.xcassets */; };
		EF5757BF18ABFBA8000A854C /* XCTest.framework in Frameworks */ = {isa = PBXBuildFile; fileRef = EF5757BE18ABFBA8000A854C /* XCTest.framework */; };
		EF5757C018ABFBA8000A854C /* Foundation.framework in Frameworks */ = {isa = PBXBuildFile; fileRef = EF5757A518ABFBA8000A854C /* Foundation.framework */; };
		EF5757C118ABFBA8000A854C /* UIKit.framework in Frameworks */ = {isa = PBXBuildFile; fileRef = EF5757A918ABFBA8000A854C /* UIKit.framework */; };
		EF5757C918ABFBA8000A854C /* InfoPlist.strings in Resources */ = {isa = PBXBuildFile; fileRef = EF5757C718ABFBA8000A854C /* InfoPlist.strings */; };
		EF5757CB18ABFBA8000A854C /* HomepwnerTests.m in Sources */ = {isa = PBXBuildFile; fileRef = EF5757CA18ABFBA8000A854C /* HomepwnerTests.m */; };
		EF5757D618ABFBD1000A854C /* ItemsViewController.m in Sources */ = {isa = PBXBuildFile; fileRef = EF5757D518ABFBD1000A854C /* ItemsViewController.m */; };
		EF5757D918ABFC9D000A854C /* BNRItem.m in Sources */ = {isa = PBXBuildFile; fileRef = EF5757D818ABFC9D000A854C /* BNRItem.m */; };
		EF5757DC18ABFCC8000A854C /* BNRItemStore.m in Sources */ = {isa = PBXBuildFile; fileRef = EF5757DB18ABFCC8000A854C /* BNRItemStore.m */; };
		EF5757DE18AC06D7000A854C /* HeaderView.xib in Resources */ = {isa = PBXBuildFile; fileRef = EF5757DD18AC06D7000A854C /* HeaderView.xib */; };
/* End PBXBuildFile section */

/* Begin PBXContainerItemProxy section */
		EF5757C218ABFBA8000A854C /* PBXContainerItemProxy */ = {
			isa = PBXContainerItemProxy;
			containerPortal = EF57579A18ABFBA8000A854C /* Project object */;
			proxyType = 1;
			remoteGlobalIDString = EF5757A118ABFBA8000A854C;
			remoteInfo = Homepwner;
		};
/* End PBXContainerItemProxy section */

/* Begin PBXFileReference section */
		EF5757A218ABFBA8000A854C /* Homepwner.app */ = {isa = PBXFileReference; explicitFileType = wrapper.application; includeInIndex = 0; path = Homepwner.app; sourceTree = BUILT_PRODUCTS_DIR; };
		EF5757A518ABFBA8000A854C /* Foundation.framework */ = {isa = PBXFileReference; lastKnownFileType = wrapper.framework; name = Foundation.framework; path = System/Library/Frameworks/Foundation.framework; sourceTree = SDKROOT; };
		EF5757A718ABFBA8000A854C /* CoreGraphics.framework */ = {isa = PBXFileReference; lastKnownFileType = wrapper.framework; name = CoreGraphics.framework; path = System/Library/Frameworks/CoreGraphics.framework; sourceTree = SDKROOT; };
		EF5757A918ABFBA8000A854C /* UIKit.framework */ = {isa = PBXFileReference; lastKnownFileType = wrapper.framework; name = UIKit.framework; path = System/Library/Frameworks/UIKit.framework; sourceTree = SDKROOT; };
		EF5757AD18ABFBA8000A854C /* Homepwner-Info.plist */ = {isa = PBXFileReference; lastKnownFileType = text.plist.xml; path = "Homepwner-Info.plist"; sourceTree = "<group>"; };
		EF5757AF18ABFBA8000A854C /* en */ = {isa = PBXFileReference; lastKnownFileType = text.plist.strings; name = en; path = en.lproj/InfoPlist.strings; sourceTree = "<group>"; };
		EF5757B118ABFBA8000A854C /* main.m */ = {isa = PBXFileReference; lastKnownFileType = sourcecode.c.objc; path = main.m; sourceTree = "<group>"; };
		EF5757B318ABFBA8000A854C /* Homepwner-Prefix.pch */ = {isa = PBXFileReference; lastKnownFileType = sourcecode.c.h; path = "Homepwner-Prefix.pch"; sourceTree = "<group>"; };
		EF5757B418ABFBA8000A854C /* HomepwnerAppDelegate.h */ = {isa = PBXFileReference; lastKnownFileType = sourcecode.c.h; path = HomepwnerAppDelegate.h; sourceTree = "<group>"; };
		EF5757B518ABFBA8000A854C /* HomepwnerAppDelegate.m */ = {isa = PBXFileReference; lastKnownFileType = sourcecode.c.objc; path = HomepwnerAppDelegate.m; sourceTree = "<group>"; };
		EF5757B718ABFBA8000A854C /* Images.xcassets */ = {isa = PBXFileReference; lastKnownFileType = folder.assetcatalog; path = Images.xcassets; sourceTree = "<group>"; };
		EF5757BD18ABFBA8000A854C /* HomepwnerTests.xctest */ = {isa = PBXFileReference; explicitFileType = wrapper.cfbundle; includeInIndex = 0; path = HomepwnerTests.xctest; sourceTree = BUILT_PRODUCTS_DIR; };
		EF5757BE18ABFBA8000A854C /* XCTest.framework */ = {isa = PBXFileReference; lastKnownFileType = wrapper.framework; name = XCTest.framework; path = Library/Frameworks/XCTest.framework; sourceTree = DEVELOPER_DIR; };
		EF5757C618ABFBA8000A854C /* HomepwnerTests-Info.plist */ = {isa = PBXFileReference; lastKnownFileType = text.plist.xml; path = "HomepwnerTests-Info.plist"; sourceTree = "<group>"; };
		EF5757C818ABFBA8000A854C /* en */ = {isa = PBXFileReference; lastKnownFileType = text.plist.strings; name = en; path = en.lproj/InfoPlist.strings; sourceTree = "<group>"; };
		EF5757CA18ABFBA8000A854C /* HomepwnerTests.m */ = {isa = PBXFileReference; lastKnownFileType = sourcecode.c.objc; path = HomepwnerTests.m; sourceTree = "<group>"; };
		EF5757D418ABFBD1000A854C /* ItemsViewController.h */ = {isa = PBXFileReference; fileEncoding = 4; lastKnownFileType = sourcecode.c.h; name = ItemsViewController.h; path = Homepwner/ItemsViewController.h; sourceTree = "<group>"; };
		EF5757D518ABFBD1000A854C /* ItemsViewController.m */ = {isa = PBXFileReference; fileEncoding = 4; lastKnownFileType = sourcecode.c.objc; name = ItemsViewController.m; path = Homepwner/ItemsViewController.m; sourceTree = "<group>"; };
		EF5757D718ABFC9D000A854C /* BNRItem.h */ = {isa = PBXFileReference; fileEncoding = 4; lastKnownFileType = sourcecode.c.h; path = BNRItem.h; sourceTree = "<group>"; };
		EF5757D818ABFC9D000A854C /* BNRItem.m */ = {isa = PBXFileReference; fileEncoding = 4; lastKnownFileType = sourcecode.c.objc; path = BNRItem.m; sourceTree = "<group>"; };
		EF5757DA18ABFCC7000A854C /* BNRItemStore.h */ = {isa = PBXFileReference; fileEncoding = 4; lastKnownFileType = sourcecode.c.h; path = BNRItemStore.h; sourceTree = "<group>"; };
		EF5757DB18ABFCC8000A854C /* BNRItemStore.m */ = {isa = PBXFileReference; fileEncoding = 4; lastKnownFileType = sourcecode.c.objc; path = BNRItemStore.m; sourceTree = "<group>"; };
		EF5757DD18AC06D7000A854C /* HeaderView.xib */ = {isa = PBXFileReference; fileEncoding = 4; lastKnownFileType = file.xib; path = HeaderView.xib; sourceTree = "<group>"; };
/* End PBXFileReference section */

/* Begin PBXFrameworksBuildPhase section */
		EF57579F18ABFBA8000A854C /* Frameworks */ = {
			isa = PBXFrameworksBuildPhase;
			buildActionMask = 2147483647;
			files = (
				EF5757A818ABFBA8000A854C /* CoreGraphics.framework in Frameworks */,
				EF5757AA18ABFBA8000A854C /* UIKit.framework in Frameworks */,
				EF5757A618ABFBA8000A854C /* Foundation.framework in Frameworks */,
			);
			runOnlyForDeploymentPostprocessing = 0;
		};
		EF5757BA18ABFBA8000A854C /* Frameworks */ = {
			isa = PBXFrameworksBuildPhase;
			buildActionMask = 2147483647;
			files = (
				EF5757BF18ABFBA8000A854C /* XCTest.framework in Frameworks */,
				EF5757C118ABFBA8000A854C /* UIKit.framework in Frameworks */,
				EF5757C018ABFBA8000A854C /* Foundation.framework in Frameworks */,
			);
			runOnlyForDeploymentPostprocessing = 0;
		};
/* End PBXFrameworksBuildPhase section */

/* Begin PBXGroup section */
		EF57579918ABFBA8000A854C = {
			isa = PBXGroup;
			children = (
				EF5757D718ABFC9D000A854C /* BNRItem.h */,
				EF5757D818ABFC9D000A854C /* BNRItem.m */,
				EF5757D418ABFBD1000A854C /* ItemsViewController.h */,
				EF5757DD18AC06D7000A854C /* HeaderView.xib */,
				EF5757D518ABFBD1000A854C /* ItemsViewController.m */,
				EF5757AB18ABFBA8000A854C /* Homepwner */,
				EF5757C418ABFBA8000A854C /* HomepwnerTests */,
				EF5757A418ABFBA8000A854C /* Frameworks */,
				EF5757A318ABFBA8000A854C /* Products */,
			);
			sourceTree = "<group>";
		};
		EF5757A318ABFBA8000A854C /* Products */ = {
			isa = PBXGroup;
			children = (
				EF5757A218ABFBA8000A854C /* Homepwner.app */,
				EF5757BD18ABFBA8000A854C /* HomepwnerTests.xctest */,
			);
			name = Products;
			sourceTree = "<group>";
		};
		EF5757A418ABFBA8000A854C /* Frameworks */ = {
			isa = PBXGroup;
			children = (
				EF5757A518ABFBA8000A854C /* Foundation.framework */,
				EF5757A718ABFBA8000A854C /* CoreGraphics.framework */,
				EF5757A918ABFBA8000A854C /* UIKit.framework */,
				EF5757BE18ABFBA8000A854C /* XCTest.framework */,
			);
			name = Frameworks;
			sourceTree = "<group>";
		};
		EF5757AB18ABFBA8000A854C /* Homepwner */ = {
			isa = PBXGroup;
			children = (
				EF5757B418ABFBA8000A854C /* HomepwnerAppDelegate.h */,
				EF5757B518ABFBA8000A854C /* HomepwnerAppDelegate.m */,
				EF5757DA18ABFCC7000A854C /* BNRItemStore.h */,
				EF5757DB18ABFCC8000A854C /* BNRItemStore.m */,
				EF5757B718ABFBA8000A854C /* Images.xcassets */,
				EF5757AC18ABFBA8000A854C /* Supporting Files */,
			);
			path = Homepwner;
			sourceTree = "<group>";
		};
		EF5757AC18ABFBA8000A854C /* Supporting Files */ = {
			isa = PBXGroup;
			children = (
				EF5757AD18ABFBA8000A854C /* Homepwner-Info.plist */,
				EF5757AE18ABFBA8000A854C /* InfoPlist.strings */,
				EF5757B118ABFBA8000A854C /* main.m */,
				EF5757B318ABFBA8000A854C /* Homepwner-Prefix.pch */,
			);
			name = "Supporting Files";
			sourceTree = "<group>";
		};
		EF5757C418ABFBA8000A854C /* HomepwnerTests */ = {
			isa = PBXGroup;
			children = (
				EF5757CA18ABFBA8000A854C /* HomepwnerTests.m */,
				EF5757C518ABFBA8000A854C /* Supporting Files */,
			);
			path = HomepwnerTests;
			sourceTree = "<group>";
		};
		EF5757C518ABFBA8000A854C /* Supporting Files */ = {
			isa = PBXGroup;
			children = (
				EF5757C618ABFBA8000A854C /* HomepwnerTests-Info.plist */,
				EF5757C718ABFBA8000A854C /* InfoPlist.strings */,
			);
			name = "Supporting Files";
			sourceTree = "<group>";
		};
/* End PBXGroup section */

/* Begin PBXNativeTarget section */
		EF5757A118ABFBA8000A854C /* Homepwner */ = {
			isa = PBXNativeTarget;
			buildConfigurationList = EF5757CE18ABFBA8000A854C /* Build configuration list for PBXNativeTarget "Homepwner" */;
			buildPhases = (
				EF57579E18ABFBA8000A854C /* Sources */,
				EF57579F18ABFBA8000A854C /* Frameworks */,
				EF5757A018ABFBA8000A854C /* Resources */,
			);
			buildRules = (
			);
			dependencies = (
			);
			name = Homepwner;
			productName = Homepwner;
			productReference = EF5757A218ABFBA8000A854C /* Homepwner.app */;
			productType = "com.apple.product-type.application";
		};
		EF5757BC18ABFBA8000A854C /* HomepwnerTests */ = {
			isa = PBXNativeTarget;
			buildConfigurationList = EF5757D118ABFBA8000A854C /* Build configuration list for PBXNativeTarget "HomepwnerTests" */;
			buildPhases = (
				EF5757B918ABFBA8000A854C /* Sources */,
				EF5757BA18ABFBA8000A854C /* Frameworks */,
				EF5757BB18ABFBA8000A854C /* Resources */,
			);
			buildRules = (
			);
			dependencies = (
				EF5757C318ABFBA8000A854C /* PBXTargetDependency */,
			);
			name = HomepwnerTests;
			productName = HomepwnerTests;
			productReference = EF5757BD18ABFBA8000A854C /* HomepwnerTests.xctest */;
			productType = "com.apple.product-type.bundle.unit-test";
		};
/* End PBXNativeTarget section */

/* Begin PBXProject section */
		EF57579A18ABFBA8000A854C /* Project object */ = {
			isa = PBXProject;
			attributes = {
				CLASSPREFIX = Homepwner;
				LastUpgradeCheck = 0500;
				ORGANIZATIONNAME = "Moser, Wesley";
				TargetAttributes = {
					EF5757BC18ABFBA8000A854C = {
						TestTargetID = EF5757A118ABFBA8000A854C;
					};
				};
			};
			buildConfigurationList = EF57579D18ABFBA8000A854C /* Build configuration list for PBXProject "Homepwner" */;
			compatibilityVersion = "Xcode 3.2";
			developmentRegion = English;
			hasScannedForEncodings = 0;
			knownRegions = (
				en,
			);
			mainGroup = EF57579918ABFBA8000A854C;
			productRefGroup = EF5757A318ABFBA8000A854C /* Products */;
			projectDirPath = "";
			projectRoot = "";
			targets = (
				EF5757A118ABFBA8000A854C /* Homepwner */,
				EF5757BC18ABFBA8000A854C /* HomepwnerTests */,
			);
		};
/* End PBXProject section */

/* Begin PBXResourcesBuildPhase section */
		EF5757A018ABFBA8000A854C /* Resources */ = {
			isa = PBXResourcesBuildPhase;
			buildActionMask = 2147483647;
			files = (
				EF5757DE18AC06D7000A854C /* HeaderView.xib in Resources */,
				EF5757B018ABFBA8000A854C /* InfoPlist.strings in Resources */,
				EF5757B818ABFBA8000A854C /* Images.xcassets in Resources */,
			);
			runOnlyForDeploymentPostprocessing = 0;
		};
		EF5757BB18ABFBA8000A854C /* Resources */ = {
			isa = PBXResourcesBuildPhase;
			buildActionMask = 2147483647;
			files = (
				EF5757C918ABFBA8000A854C /* InfoPlist.strings in Resources */,
			);
			runOnlyForDeploymentPostprocessing = 0;
		};
/* End PBXResourcesBuildPhase section */

/* Begin PBXSourcesBuildPhase section */
		EF57579E18ABFBA8000A854C /* Sources */ = {
			isa = PBXSourcesBuildPhase;
			buildActionMask = 2147483647;
			files = (
				EF5757DC18ABFCC8000A854C /* BNRItemStore.m in Sources */,
				EF5757D618ABFBD1000A854C /* ItemsViewController.m in Sources */,
				EF5757D918ABFC9D000A854C /* BNRItem.m in Sources */,
				EF5757B618ABFBA8000A854C /* HomepwnerAppDelegate.m in Sources */,
				EF5757B218ABFBA8000A854C /* main.m in Sources */,
			);
			runOnlyForDeploymentPostprocessing = 0;
		};
		EF5757B918ABFBA8000A854C /* Sources */ = {
			isa = PBXSourcesBuildPhase;
			buildActionMask = 2147483647;
			files = (
				EF5757CB18ABFBA8000A854C /* HomepwnerTests.m in Sources */,
			);
			runOnlyForDeploymentPostprocessing = 0;
		};
/* End PBXSourcesBuildPhase section */

/* Begin PBXTargetDependency section */
		EF5757C318ABFBA8000A854C /* PBXTargetDependency */ = {
			isa = PBXTargetDependency;
			target = EF5757A118ABFBA8000A854C /* Homepwner */;
			targetProxy = EF5757C218ABFBA8000A854C /* PBXContainerItemProxy */;
		};
/* End PBXTargetDependency section */

/* Begin PBXVariantGroup section */
		EF5757AE18ABFBA8000A854C /* InfoPlist.strings */ = {
			isa = PBXVariantGroup;
			children = (
				EF5757AF18ABFBA8000A854C /* en */,
			);
			name = InfoPlist.strings;
			sourceTree = "<group>";
		};
		EF5757C718ABFBA8000A854C /* InfoPlist.strings */ = {
			isa = PBXVariantGroup;
			children = (
				EF5757C818ABFBA8000A854C /* en */,
			);
			name = InfoPlist.strings;
			sourceTree = "<group>";
		};
/* End PBXVariantGroup section */

/* Begin XCBuildConfiguration section */
		EF5757CC18ABFBA8000A854C /* Debug */ = {
			isa = XCBuildConfiguration;
			buildSettings = {
				ALWAYS_SEARCH_USER_PATHS = NO;
				ARCHS = "$(ARCHS_STANDARD_INCLUDING_64_BIT)";
				CLANG_CXX_LANGUAGE_STANDARD = "gnu++0x";
				CLANG_CXX_LIBRARY = "libc++";
				CLANG_ENABLE_MODULES = YES;
				CLANG_ENABLE_OBJC_ARC = YES;
				CLANG_WARN_BOOL_CONVERSION = YES;
				CLANG_WARN_CONSTANT_CONVERSION = YES;
				CLANG_WARN_DIRECT_OBJC_ISA_USAGE = YES_ERROR;
				CLANG_WARN_EMPTY_BODY = YES;
				CLANG_WARN_ENUM_CONVERSION = YES;
				CLANG_WARN_INT_CONVERSION = YES;
				CLANG_WARN_OBJC_ROOT_CLASS = YES_ERROR;
				CLANG_WARN__DUPLICATE_METHOD_MATCH = YES;
				"CODE_SIGN_IDENTITY[sdk=iphoneos*]" = "iPhone Developer";
				COPY_PHASE_STRIP = NO;
				GCC_C_LANGUAGE_STANDARD = gnu99;
				GCC_DYNAMIC_NO_PIC = NO;
				GCC_OPTIMIZATION_LEVEL = 0;
				GCC_PREPROCESSOR_DEFINITIONS = (
					"DEBUG=1",
					"$(inherited)",
				);
				GCC_SYMBOLS_PRIVATE_EXTERN = NO;
				GCC_WARN_64_TO_32_BIT_CONVERSION = YES;
				GCC_WARN_ABOUT_RETURN_TYPE = YES_ERROR;
				GCC_WARN_UNDECLARED_SELECTOR = YES;
				GCC_WARN_UNINITIALIZED_AUTOS = YES;
				GCC_WARN_UNUSED_FUNCTION = YES;
				GCC_WARN_UNUSED_VARIABLE = YES;
				IPHONEOS_DEPLOYMENT_TARGET = 7.0;
				ONLY_ACTIVE_ARCH = YES;
				SDKROOT = iphoneos;
			};
			name = Debug;
		};
		EF5757CD18ABFBA8000A854C /* Release */ = {
			isa = XCBuildConfiguration;
			buildSettings = {
				ALWAYS_SEARCH_USER_PATHS = NO;
				ARCHS = "$(ARCHS_STANDARD_INCLUDING_64_BIT)";
				CLANG_CXX_LANGUAGE_STANDARD = "gnu++0x";
				CLANG_CXX_LIBRARY = "libc++";
				CLANG_ENABLE_MODULES = YES;
				CLANG_ENABLE_OBJC_ARC = YES;
				CLANG_WARN_BOOL_CONVERSION = YES;
				CLANG_WARN_CONSTANT_CONVERSION = YES;
				CLANG_WARN_DIRECT_OBJC_ISA_USAGE = YES_ERROR;
				CLANG_WARN_EMPTY_BODY = YES;
				CLANG_WARN_ENUM_CONVERSION = YES;
				CLANG_WARN_INT_CONVERSION = YES;
				CLANG_WARN_OBJC_ROOT_CLASS = YES_ERROR;
				CLANG_WARN__DUPLICATE_METHOD_MATCH = YES;
				"CODE_SIGN_IDENTITY[sdk=iphoneos*]" = "iPhone Developer";
				COPY_PHASE_STRIP = YES;
				ENABLE_NS_ASSERTIONS = NO;
				GCC_C_LANGUAGE_STANDARD = gnu99;
				GCC_WARN_64_TO_32_BIT_CONVERSION = YES;
				GCC_WARN_ABOUT_RETURN_TYPE = YES_ERROR;
				GCC_WARN_UNDECLARED_SELECTOR = YES;
				GCC_WARN_UNINITIALIZED_AUTOS = YES;
				GCC_WARN_UNUSED_FUNCTION = YES;
				GCC_WARN_UNUSED_VARIABLE = YES;
				IPHONEOS_DEPLOYMENT_TARGET = 7.0;
				SDKROOT = iphoneos;
				VALIDATE_PRODUCT = YES;
			};
			name = Release;
		};
		EF5757CF18ABFBA8000A854C /* Debug */ = {
			isa = XCBuildConfiguration;
			buildSettings = {
				ASSETCATALOG_COMPILER_APPICON_NAME = AppIcon;
				ASSETCATALOG_COMPILER_LAUNCHIMAGE_NAME = LaunchImage;
				GCC_PRECOMPILE_PREFIX_HEADER = YES;
				GCC_PREFIX_HEADER = "Homepwner/Homepwner-Prefix.pch";
				INFOPLIST_FILE = "Homepwner/Homepwner-Info.plist";
				PRODUCT_NAME = "$(TARGET_NAME)";
				WRAPPER_EXTENSION = app;
			};
			name = Debug;
		};
		EF5757D018ABFBA8000A854C /* Release */ = {
			isa = XCBuildConfiguration;
			buildSettings = {
				ASSETCATALOG_COMPILER_APPICON_NAME = AppIcon;
				ASSETCATALOG_COMPILER_LAUNCHIMAGE_NAME = LaunchImage;
				GCC_PRECOMPILE_PREFIX_HEADER = YES;
				GCC_PREFIX_HEADER = "Homepwner/Homepwner-Prefix.pch";
				INFOPLIST_FILE = "Homepwner/Homepwner-Info.plist";
				PRODUCT_NAME = "$(TARGET_NAME)";
				WRAPPER_EXTENSION = app;
			};
			name = Release;
		};
		EF5757D218ABFBA8000A854C /* Debug */ = {
			isa = XCBuildConfiguration;
			buildSettings = {
				ARCHS = "$(ARCHS_STANDARD_INCLUDING_64_BIT)";
				BUNDLE_LOADER = "$(BUILT_PRODUCTS_DIR)/Homepwner.app/Homepwner";
				FRAMEWORK_SEARCH_PATHS = (
					"$(SDKROOT)/Developer/Library/Frameworks",
					"$(inherited)",
					"$(DEVELOPER_FRAMEWORKS_DIR)",
				);
				GCC_PRECOMPILE_PREFIX_HEADER = YES;
				GCC_PREFIX_HEADER = "Homepwner/Homepwner-Prefix.pch";
				GCC_PREPROCESSOR_DEFINITIONS = (
					"DEBUG=1",
					"$(inherited)",
				);
				INFOPLIST_FILE = "HomepwnerTests/HomepwnerTests-Info.plist";
				PRODUCT_NAME = "$(TARGET_NAME)";
				TEST_HOST = "$(BUNDLE_LOADER)";
				WRAPPER_EXTENSION = xctest;
			};
			name = Debug;
		};
		EF5757D318ABFBA8000A854C /* Release */ = {
			isa = XCBuildConfiguration;
			buildSettings = {
				ARCHS = "$(ARCHS_STANDARD_INCLUDING_64_BIT)";
				BUNDLE_LOADER = "$(BUILT_PRODUCTS_DIR)/Homepwner.app/Homepwner";
				FRAMEWORK_SEARCH_PATHS = (
					"$(SDKROOT)/Developer/Library/Frameworks",
					"$(inherited)",
					"$(DEVELOPER_FRAMEWORKS_DIR)",
				);
				GCC_PRECOMPILE_PREFIX_HEADER = YES;
				GCC_PREFIX_HEADER = "Homepwner/Homepwner-Prefix.pch";
				INFOPLIST_FILE = "HomepwnerTests/HomepwnerTests-Info.plist";
				PRODUCT_NAME = "$(TARGET_NAME)";
				TEST_HOST = "$(BUNDLE_LOADER)";
				WRAPPER_EXTENSION = xctest;
			};
			name = Release;
		};
/* End XCBuildConfiguration section */

/* Begin XCConfigurationList section */
		EF57579D18ABFBA8000A854C /* Build configuration list for PBXProject "Homepwner" */ = {
			isa = XCConfigurationList;
			buildConfigurations = (
				EF5757CC18ABFBA8000A854C /* Debug */,
				EF5757CD18ABFBA8000A854C /* Release */,
			);
			defaultConfigurationIsVisible = 0;
			defaultConfigurationName = Release;
		};
		EF5757CE18ABFBA8000A854C /* Build configuration list for PBXNativeTarget "Homepwner" */ = {
			isa = XCConfigurationList;
			buildConfigurations = (
				EF5757CF18ABFBA8000A854C /* Debug */,
				EF5757D018ABFBA8000A854C /* Release */,
			);
			defaultConfigurationIsVisible = 0;
		};
		EF5757D118ABFBA8000A854C /* Build configuration list for PBXNativeTarget "HomepwnerTests" */ = {
			isa = XCConfigurationList;
			buildConfigurations = (
				EF5757D218ABFBA8000A854C /* Debug */,
				EF5757D318ABFBA8000A854C /* Release */,
			);
			defaultConfigurationIsVisible = 0;
		};
/* End XCConfigurationList section */
	};
	rootObject = EF57579A18ABFBA8000A854C /* Project object */;
}
